// !$*UTF8*$!
{
	archiveVersion = 1;
	classes = {
	};
	objectVersion = 50;
	objects = {

/* Begin PBXBuildFile section */
		54D6CB25296B099F0015D5CC /* AppDelegate.swift in Sources */ = {isa = PBXBuildFile; fileRef = 54D6CB24296B099F0015D5CC /* AppDelegate.swift */; };
		54D6CB27296B099F0015D5CC /* SceneDelegate.swift in Sources */ = {isa = PBXBuildFile; fileRef = 54D6CB26296B099F0015D5CC /* SceneDelegate.swift */; };
		54D6CB29296B099F0015D5CC /* ViewController.swift in Sources */ = {isa = PBXBuildFile; fileRef = 54D6CB28296B099F0015D5CC /* ViewController.swift */; };
		54D6CB2C296B099F0015D5CC /* Main.storyboard in Resources */ = {isa = PBXBuildFile; fileRef = 54D6CB2A296B099F0015D5CC /* Main.storyboard */; };
		54D6CB2F296B099F0015D5CC /* iOSQueuesPractice.xcdatamodeld in Sources */ = {isa = PBXBuildFile; fileRef = 54D6CB2D296B099F0015D5CC /* iOSQueuesPractice.xcdatamodeld */; };
		54D6CB31296B09A50015D5CC /* Assets.xcassets in Resources */ = {isa = PBXBuildFile; fileRef = 54D6CB30296B09A50015D5CC /* Assets.xcassets */; };
		54D6CB34296B09A50015D5CC /* LaunchScreen.storyboard in Resources */ = {isa = PBXBuildFile; fileRef = 54D6CB32296B09A50015D5CC /* LaunchScreen.storyboard */; };
		54D6CB3F296B09A50015D5CC /* iOSQueuesPracticeTests.swift in Sources */ = {isa = PBXBuildFile; fileRef = 54D6CB3E296B09A50015D5CC /* iOSQueuesPracticeTests.swift */; };
		54D6CB4A296B09A50015D5CC /* iOSQueuesPracticeUITests.swift in Sources */ = {isa = PBXBuildFile; fileRef = 54D6CB49296B09A50015D5CC /* iOSQueuesPracticeUITests.swift */; };
/* End PBXBuildFile section */

/* Begin PBXContainerItemProxy section */
		54D6CB3B296B09A50015D5CC /* PBXContainerItemProxy */ = {
			isa = PBXContainerItemProxy;
			containerPortal = 54D6CB19296B099F0015D5CC /* Project object */;
			proxyType = 1;
			remoteGlobalIDString = 54D6CB20296B099F0015D5CC;
			remoteInfo = iOSQueuesPractice;
		};
		54D6CB46296B09A50015D5CC /* PBXContainerItemProxy */ = {
			isa = PBXContainerItemProxy;
			containerPortal = 54D6CB19296B099F0015D5CC /* Project object */;
			proxyType = 1;
			remoteGlobalIDString = 54D6CB20296B099F0015D5CC;
			remoteInfo = iOSQueuesPractice;
		};
/* End PBXContainerItemProxy section */

/* Begin PBXFileReference section */
		54D6CB21296B099F0015D5CC /* iOSQueuesPractice.app */ = {isa = PBXFileReference; explicitFileType = wrapper.application; includeInIndex = 0; path = iOSQueuesPractice.app; sourceTree = BUILT_PRODUCTS_DIR; };
		54D6CB24296B099F0015D5CC /* AppDelegate.swift */ = {isa = PBXFileReference; lastKnownFileType = sourcecode.swift; path = AppDelegate.swift; sourceTree = "<group>"; };
		54D6CB26296B099F0015D5CC /* SceneDelegate.swift */ = {isa = PBXFileReference; lastKnownFileType = sourcecode.swift; path = SceneDelegate.swift; sourceTree = "<group>"; };
		54D6CB28296B099F0015D5CC /* ViewController.swift */ = {isa = PBXFileReference; lastKnownFileType = sourcecode.swift; path = ViewController.swift; sourceTree = "<group>"; };
		54D6CB2B296B099F0015D5CC /* Base */ = {isa = PBXFileReference; lastKnownFileType = file.storyboard; name = Base; path = Base.lproj/Main.storyboard; sourceTree = "<group>"; };
		54D6CB2E296B099F0015D5CC /* iOSQueuesPractice.xcdatamodel */ = {isa = PBXFileReference; lastKnownFileType = wrapper.xcdatamodel; path = iOSQueuesPractice.xcdatamodel; sourceTree = "<group>"; };
		54D6CB30296B09A50015D5CC /* Assets.xcassets */ = {isa = PBXFileReference; lastKnownFileType = folder.assetcatalog; path = Assets.xcassets; sourceTree = "<group>"; };
		54D6CB33296B09A50015D5CC /* Base */ = {isa = PBXFileReference; lastKnownFileType = file.storyboard; name = Base; path = Base.lproj/LaunchScreen.storyboard; sourceTree = "<group>"; };
		54D6CB35296B09A50015D5CC /* Info.plist */ = {isa = PBXFileReference; lastKnownFileType = text.plist.xml; path = Info.plist; sourceTree = "<group>"; };
		54D6CB3A296B09A50015D5CC /* iOSQueuesPracticeTests.xctest */ = {isa = PBXFileReference; explicitFileType = wrapper.cfbundle; includeInIndex = 0; path = iOSQueuesPracticeTests.xctest; sourceTree = BUILT_PRODUCTS_DIR; };
		54D6CB3E296B09A50015D5CC /* iOSQueuesPracticeTests.swift */ = {isa = PBXFileReference; lastKnownFileType = sourcecode.swift; path = iOSQueuesPracticeTests.swift; sourceTree = "<group>"; };
		54D6CB40296B09A50015D5CC /* Info.plist */ = {isa = PBXFileReference; lastKnownFileType = text.plist.xml; path = Info.plist; sourceTree = "<group>"; };
		54D6CB45296B09A50015D5CC /* iOSQueuesPracticeUITests.xctest */ = {isa = PBXFileReference; explicitFileType = wrapper.cfbundle; includeInIndex = 0; path = iOSQueuesPracticeUITests.xctest; sourceTree = BUILT_PRODUCTS_DIR; };
		54D6CB49296B09A50015D5CC /* iOSQueuesPracticeUITests.swift */ = {isa = PBXFileReference; lastKnownFileType = sourcecode.swift; path = iOSQueuesPracticeUITests.swift; sourceTree = "<group>"; };
		54D6CB4B296B09A50015D5CC /* Info.plist */ = {isa = PBXFileReference; lastKnownFileType = text.plist.xml; path = Info.plist; sourceTree = "<group>"; };
/* End PBXFileReference section */

/* Begin PBXFrameworksBuildPhase section */
		54D6CB1E296B099F0015D5CC /* Frameworks */ = {
			isa = PBXFrameworksBuildPhase;
			buildActionMask = 2147483647;
			files = (
			);
			runOnlyForDeploymentPostprocessing = 0;
		};
		54D6CB37296B09A50015D5CC /* Frameworks */ = {
			isa = PBXFrameworksBuildPhase;
			buildActionMask = 2147483647;
			files = (
			);
			runOnlyForDeploymentPostprocessing = 0;
		};
		54D6CB42296B09A50015D5CC /* Frameworks */ = {
			isa = PBXFrameworksBuildPhase;
			buildActionMask = 2147483647;
			files = (
			);
			runOnlyForDeploymentPostprocessing = 0;
		};
/* End PBXFrameworksBuildPhase section */

/* Begin PBXGroup section */
		54D6CB18296B099F0015D5CC = {
			isa = PBXGroup;
			children = (
				54D6CB23296B099F0015D5CC /* iOSQueuesPractice */,
				54D6CB3D296B09A50015D5CC /* iOSQueuesPracticeTests */,
				54D6CB48296B09A50015D5CC /* iOSQueuesPracticeUITests */,
				54D6CB22296B099F0015D5CC /* Products */,
			);
			sourceTree = "<group>";
		};
		54D6CB22296B099F0015D5CC /* Products */ = {
			isa = PBXGroup;
			children = (
				54D6CB21296B099F0015D5CC /* iOSQueuesPractice.app */,
				54D6CB3A296B09A50015D5CC /* iOSQueuesPracticeTests.xctest */,
				54D6CB45296B09A50015D5CC /* iOSQueuesPracticeUITests.xctest */,
			);
			name = Products;
			sourceTree = "<group>";
		};
		54D6CB23296B099F0015D5CC /* iOSQueuesPractice */ = {
			isa = PBXGroup;
			children = (
				54D6CB24296B099F0015D5CC /* AppDelegate.swift */,
				54D6CB26296B099F0015D5CC /* SceneDelegate.swift */,
				54D6CB28296B099F0015D5CC /* ViewController.swift */,
				54D6CB2A296B099F0015D5CC /* Main.storyboard */,
				54D6CB30296B09A50015D5CC /* Assets.xcassets */,
				54D6CB32296B09A50015D5CC /* LaunchScreen.storyboard */,
				54D6CB35296B09A50015D5CC /* Info.plist */,
				54D6CB2D296B099F0015D5CC /* iOSQueuesPractice.xcdatamodeld */,
			);
			path = iOSQueuesPractice;
			sourceTree = "<group>";
		};
		54D6CB3D296B09A50015D5CC /* iOSQueuesPracticeTests */ = {
			isa = PBXGroup;
			children = (
				54D6CB3E296B09A50015D5CC /* iOSQueuesPracticeTests.swift */,
				54D6CB40296B09A50015D5CC /* Info.plist */,
			);
			path = iOSQueuesPracticeTests;
			sourceTree = "<group>";
		};
		54D6CB48296B09A50015D5CC /* iOSQueuesPracticeUITests */ = {
			isa = PBXGroup;
			children = (
				54D6CB49296B09A50015D5CC /* iOSQueuesPracticeUITests.swift */,
				54D6CB4B296B09A50015D5CC /* Info.plist */,
			);
			path = iOSQueuesPracticeUITests;
			sourceTree = "<group>";
		};
/* End PBXGroup section */

/* Begin PBXNativeTarget section */
		54D6CB20296B099F0015D5CC /* iOSQueuesPractice */ = {
			isa = PBXNativeTarget;
			buildConfigurationList = 54D6CB4E296B09A50015D5CC /* Build configuration list for PBXNativeTarget "iOSQueuesPractice" */;
			buildPhases = (
				54D6CB1D296B099F0015D5CC /* Sources */,
				54D6CB1E296B099F0015D5CC /* Frameworks */,
				54D6CB1F296B099F0015D5CC /* Resources */,
			);
			buildRules = (
			);
			dependencies = (
			);
			name = iOSQueuesPractice;
			productName = iOSQueuesPractice;
			productReference = 54D6CB21296B099F0015D5CC /* iOSQueuesPractice.app */;
			productType = "com.apple.product-type.application";
		};
		54D6CB39296B09A50015D5CC /* iOSQueuesPracticeTests */ = {
			isa = PBXNativeTarget;
			buildConfigurationList = 54D6CB51296B09A50015D5CC /* Build configuration list for PBXNativeTarget "iOSQueuesPracticeTests" */;
			buildPhases = (
				54D6CB36296B09A50015D5CC /* Sources */,
				54D6CB37296B09A50015D5CC /* Frameworks */,
				54D6CB38296B09A50015D5CC /* Resources */,
			);
			buildRules = (
			);
			dependencies = (
				54D6CB3C296B09A50015D5CC /* PBXTargetDependency */,
			);
			name = iOSQueuesPracticeTests;
			productName = iOSQueuesPracticeTests;
			productReference = 54D6CB3A296B09A50015D5CC /* iOSQueuesPracticeTests.xctest */;
			productType = "com.apple.product-type.bundle.unit-test";
		};
		54D6CB44296B09A50015D5CC /* iOSQueuesPracticeUITests */ = {
			isa = PBXNativeTarget;
			buildConfigurationList = 54D6CB54296B09A50015D5CC /* Build configuration list for PBXNativeTarget "iOSQueuesPracticeUITests" */;
			buildPhases = (
				54D6CB41296B09A50015D5CC /* Sources */,
				54D6CB42296B09A50015D5CC /* Frameworks */,
				54D6CB43296B09A50015D5CC /* Resources */,
			);
			buildRules = (
			);
			dependencies = (
				54D6CB47296B09A50015D5CC /* PBXTargetDependency */,
			);
			name = iOSQueuesPracticeUITests;
			productName = iOSQueuesPracticeUITests;
			productReference = 54D6CB45296B09A50015D5CC /* iOSQueuesPracticeUITests.xctest */;
			productType = "com.apple.product-type.bundle.ui-testing";
		};
/* End PBXNativeTarget section */

/* Begin PBXProject section */
		54D6CB19296B099F0015D5CC /* Project object */ = {
			isa = PBXProject;
			attributes = {
				LastSwiftUpdateCheck = 1250;
				LastUpgradeCheck = 1250;
				TargetAttributes = {
					54D6CB20296B099F0015D5CC = {
						CreatedOnToolsVersion = 12.5.1;
					};
					54D6CB39296B09A50015D5CC = {
						CreatedOnToolsVersion = 12.5.1;
						TestTargetID = 54D6CB20296B099F0015D5CC;
					};
					54D6CB44296B09A50015D5CC = {
						CreatedOnToolsVersion = 12.5.1;
						TestTargetID = 54D6CB20296B099F0015D5CC;
					};
				};
			};
			buildConfigurationList = 54D6CB1C296B099F0015D5CC /* Build configuration list for PBXProject "iOSQueuesPractice" */;
			compatibilityVersion = "Xcode 9.3";
			developmentRegion = en;
			hasScannedForEncodings = 0;
			knownRegions = (
				en,
				Base,
			);
			mainGroup = 54D6CB18296B099F0015D5CC;
			productRefGroup = 54D6CB22296B099F0015D5CC /* Products */;
			projectDirPath = "";
			projectRoot = "";
			targets = (
				54D6CB20296B099F0015D5CC /* iOSQueuesPractice */,
				54D6CB39296B09A50015D5CC /* iOSQueuesPracticeTests */,
				54D6CB44296B09A50015D5CC /* iOSQueuesPracticeUITests */,
			);
		};
/* End PBXProject section */

/* Begin PBXResourcesBuildPhase section */
		54D6CB1F296B099F0015D5CC /* Resources */ = {
			isa = PBXResourcesBuildPhase;
			buildActionMask = 2147483647;
			files = (
				54D6CB34296B09A50015D5CC /* LaunchScreen.storyboard in Resources */,
				54D6CB31296B09A50015D5CC /* Assets.xcassets in Resources */,
				54D6CB2C296B099F0015D5CC /* Main.storyboard in Resources */,
			);
			runOnlyForDeploymentPostprocessing = 0;
		};
		54D6CB38296B09A50015D5CC /* Resources */ = {
			isa = PBXResourcesBuildPhase;
			buildActionMask = 2147483647;
			files = (
			);
			runOnlyForDeploymentPostprocessing = 0;
		};
		54D6CB43296B09A50015D5CC /* Resources */ = {
			isa = PBXResourcesBuildPhase;
			buildActionMask = 2147483647;
			files = (
			);
			runOnlyForDeploymentPostprocessing = 0;
		};
/* End PBXResourcesBuildPhase section */

/* Begin PBXSourcesBuildPhase section */
		54D6CB1D296B099F0015D5CC /* Sources */ = {
			isa = PBXSourcesBuildPhase;
			buildActionMask = 2147483647;
			files = (
				54D6CB2F296B099F0015D5CC /* iOSQueuesPractice.xcdatamodeld in Sources */,
				54D6CB29296B099F0015D5CC /* ViewController.swift in Sources */,
				54D6CB25296B099F0015D5CC /* AppDelegate.swift in Sources */,
				54D6CB27296B099F0015D5CC /* SceneDelegate.swift in Sources */,
			);
			runOnlyForDeploymentPostprocessing = 0;
		};
		54D6CB36296B09A50015D5CC /* Sources */ = {
			isa = PBXSourcesBuildPhase;
			buildActionMask = 2147483647;
			files = (
				54D6CB3F296B09A50015D5CC /* iOSQueuesPracticeTests.swift in Sources */,
			);
			runOnlyForDeploymentPostprocessing = 0;
		};
		54D6CB41296B09A50015D5CC /* Sources */ = {
			isa = PBXSourcesBuildPhase;
			buildActionMask = 2147483647;
			files = (
				54D6CB4A296B09A50015D5CC /* iOSQueuesPracticeUITests.swift in Sources */,
			);
			runOnlyForDeploymentPostprocessing = 0;
		};
/* End PBXSourcesBuildPhase section */

/* Begin PBXTargetDependency section */
		54D6CB3C296B09A50015D5CC /* PBXTargetDependency */ = {
			isa = PBXTargetDependency;
			target = 54D6CB20296B099F0015D5CC /* iOSQueuesPractice */;
			targetProxy = 54D6CB3B296B09A50015D5CC /* PBXContainerItemProxy */;
		};
		54D6CB47296B09A50015D5CC /* PBXTargetDependency */ = {
			isa = PBXTargetDependency;
			target = 54D6CB20296B099F0015D5CC /* iOSQueuesPractice */;
			targetProxy = 54D6CB46296B09A50015D5CC /* PBXContainerItemProxy */;
		};
/* End PBXTargetDependency section */

/* Begin PBXVariantGroup section */
		54D6CB2A296B099F0015D5CC /* Main.storyboard */ = {
			isa = PBXVariantGroup;
			children = (
				54D6CB2B296B099F0015D5CC /* Base */,
			);
			name = Main.storyboard;
			sourceTree = "<group>";
		};
		54D6CB32296B09A50015D5CC /* LaunchScreen.storyboard */ = {
			isa = PBXVariantGroup;
			children = (
				54D6CB33296B09A50015D5CC /* Base */,
			);
			name = LaunchScreen.storyboard;
			sourceTree = "<group>";
		};
/* End PBXVariantGroup section */

/* Begin XCBuildConfiguration section */
		54D6CB4C296B09A50015D5CC /* Debug */ = {
			isa = XCBuildConfiguration;
			buildSettings = {
				ALWAYS_SEARCH_USER_PATHS = NO;
				CLANG_ANALYZER_NONNULL = YES;
				CLANG_ANALYZER_NUMBER_OBJECT_CONVERSION = YES_AGGRESSIVE;
				CLANG_CXX_LANGUAGE_STANDARD = "gnu++14";
				CLANG_CXX_LIBRARY = "libc++";
				CLANG_ENABLE_MODULES = YES;
				CLANG_ENABLE_OBJC_ARC = YES;
				CLANG_ENABLE_OBJC_WEAK = YES;
				CLANG_WARN_BLOCK_CAPTURE_AUTORELEASING = YES;
				CLANG_WARN_BOOL_CONVERSION = YES;
				CLANG_WARN_COMMA = YES;
				CLANG_WARN_CONSTANT_CONVERSION = YES;
				CLANG_WARN_DEPRECATED_OBJC_IMPLEMENTATIONS = YES;
				CLANG_WARN_DIRECT_OBJC_ISA_USAGE = YES_ERROR;
				CLANG_WARN_DOCUMENTATION_COMMENTS = YES;
				CLANG_WARN_EMPTY_BODY = YES;
				CLANG_WARN_ENUM_CONVERSION = YES;
				CLANG_WARN_INFINITE_RECURSION = YES;
				CLANG_WARN_INT_CONVERSION = YES;
				CLANG_WARN_NON_LITERAL_NULL_CONVERSION = YES;
				CLANG_WARN_OBJC_IMPLICIT_RETAIN_SELF = YES;
				CLANG_WARN_OBJC_LITERAL_CONVERSION = YES;
				CLANG_WARN_OBJC_ROOT_CLASS = YES_ERROR;
				CLANG_WARN_QUOTED_INCLUDE_IN_FRAMEWORK_HEADER = YES;
				CLANG_WARN_RANGE_LOOP_ANALYSIS = YES;
				CLANG_WARN_STRICT_PROTOTYPES = YES;
				CLANG_WARN_SUSPICIOUS_MOVE = YES;
				CLANG_WARN_UNGUARDED_AVAILABILITY = YES_AGGRESSIVE;
				CLANG_WARN_UNREACHABLE_CODE = YES;
				CLANG_WARN__DUPLICATE_METHOD_MATCH = YES;
				COPY_PHASE_STRIP = NO;
				DEBUG_INFORMATION_FORMAT = dwarf;
				ENABLE_STRICT_OBJC_MSGSEND = YES;
				ENABLE_TESTABILITY = YES;
				GCC_C_LANGUAGE_STANDARD = gnu11;
				GCC_DYNAMIC_NO_PIC = NO;
				GCC_NO_COMMON_BLOCKS = YES;
				GCC_OPTIMIZATION_LEVEL = 0;
				GCC_PREPROCESSOR_DEFINITIONS = (
					"DEBUG=1",
					"$(inherited)",
				);
				GCC_WARN_64_TO_32_BIT_CONVERSION = YES;
				GCC_WARN_ABOUT_RETURN_TYPE = YES_ERROR;
				GCC_WARN_UNDECLARED_SELECTOR = YES;
				GCC_WARN_UNINITIALIZED_AUTOS = YES_AGGRESSIVE;
				GCC_WARN_UNUSED_FUNCTION = YES;
				GCC_WARN_UNUSED_VARIABLE = YES;
				IPHONEOS_DEPLOYMENT_TARGET = 14.5;
				MTL_ENABLE_DEBUG_INFO = INCLUDE_SOURCE;
				MTL_FAST_MATH = YES;
				ONLY_ACTIVE_ARCH = YES;
				SDKROOT = iphoneos;
				SWIFT_ACTIVE_COMPILATION_CONDITIONS = DEBUG;
				SWIFT_OPTIMIZATION_LEVEL = "-Onone";
			};
			name = Debug;
		};
		54D6CB4D296B09A50015D5CC /* Release */ = {
			isa = XCBuildConfiguration;
			buildSettings = {
				ALWAYS_SEARCH_USER_PATHS = NO;
				CLANG_ANALYZER_NONNULL = YES;
				CLANG_ANALYZER_NUMBER_OBJECT_CONVERSION = YES_AGGRESSIVE;
				CLANG_CXX_LANGUAGE_STANDARD = "gnu++14";
				CLANG_CXX_LIBRARY = "libc++";
				CLANG_ENABLE_MODULES = YES;
				CLANG_ENABLE_OBJC_ARC = YES;
				CLANG_ENABLE_OBJC_WEAK = YES;
				CLANG_WARN_BLOCK_CAPTURE_AUTORELEASING = YES;
				CLANG_WARN_BOOL_CONVERSION = YES;
				CLANG_WARN_COMMA = YES;
				CLANG_WARN_CONSTANT_CONVERSION = YES;
				CLANG_WARN_DEPRECATED_OBJC_IMPLEMENTATIONS = YES;
				CLANG_WARN_DIRECT_OBJC_ISA_USAGE = YES_ERROR;
				CLANG_WARN_DOCUMENTATION_COMMENTS = YES;
				CLANG_WARN_EMPTY_BODY = YES;
				CLANG_WARN_ENUM_CONVERSION = YES;
				CLANG_WARN_INFINITE_RECURSION = YES;
				CLANG_WARN_INT_CONVERSION = YES;
				CLANG_WARN_NON_LITERAL_NULL_CONVERSION = YES;
				CLANG_WARN_OBJC_IMPLICIT_RETAIN_SELF = YES;
				CLANG_WARN_OBJC_LITERAL_CONVERSION = YES;
				CLANG_WARN_OBJC_ROOT_CLASS = YES_ERROR;
				CLANG_WARN_QUOTED_INCLUDE_IN_FRAMEWORK_HEADER = YES;
				CLANG_WARN_RANGE_LOOP_ANALYSIS = YES;
				CLANG_WARN_STRICT_PROTOTYPES = YES;
				CLANG_WARN_SUSPICIOUS_MOVE = YES;
				CLANG_WARN_UNGUARDED_AVAILABILITY = YES_AGGRESSIVE;
				CLANG_WARN_UNREACHABLE_CODE = YES;
				CLANG_WARN__DUPLICATE_METHOD_MATCH = YES;
				COPY_PHASE_STRIP = NO;
				DEBUG_INFORMATION_FORMAT = "dwarf-with-dsym";
				ENABLE_NS_ASSERTIONS = NO;
				ENABLE_STRICT_OBJC_MSGSEND = YES;
				GCC_C_LANGUAGE_STANDARD = gnu11;
				GCC_NO_COMMON_BLOCKS = YES;
				GCC_WARN_64_TO_32_BIT_CONVERSION = YES;
				GCC_WARN_ABOUT_RETURN_TYPE = YES_ERROR;
				GCC_WARN_UNDECLARED_SELECTOR = YES;
				GCC_WARN_UNINITIALIZED_AUTOS = YES_AGGRESSIVE;
				GCC_WARN_UNUSED_FUNCTION = YES;
				GCC_WARN_UNUSED_VARIABLE = YES;
				IPHONEOS_DEPLOYMENT_TARGET = 14.5;
				MTL_ENABLE_DEBUG_INFO = NO;
				MTL_FAST_MATH = YES;
				SDKROOT = iphoneos;
				SWIFT_COMPILATION_MODE = wholemodule;
				SWIFT_OPTIMIZATION_LEVEL = "-O";
				VALIDATE_PRODUCT = YES;
			};
			name = Release;
		};
		54D6CB4F296B09A50015D5CC /* Debug */ = {
			isa = XCBuildConfiguration;
			buildSettings = {
				ASSETCATALOG_COMPILER_APPICON_NAME = AppIcon;
				ASSETCATALOG_COMPILER_GLOBAL_ACCENT_COLOR_NAME = AccentColor;
				CODE_SIGN_STYLE = Automatic;
				DEVELOPMENT_TEAM = C9CPUQRJEY;
				INFOPLIST_FILE = iOSQueuesPractice/Info.plist;
				LD_RUNPATH_SEARCH_PATHS = (
					"$(inherited)",
					"@executable_path/Frameworks",
				);
				PRODUCT_BUNDLE_IDENTIFIER = com.srdbolla.iOSQueuesPractice;
				PRODUCT_NAME = "$(TARGET_NAME)";
				SWIFT_VERSION = 5.0;
				TARGETED_DEVICE_FAMILY = "1,2";
			};
			name = Debug;
		};
		54D6CB50296B09A50015D5CC /* Release */ = {
			isa = XCBuildConfiguration;
			buildSettings = {
				ASSETCATALOG_COMPILER_APPICON_NAME = AppIcon;
				ASSETCATALOG_COMPILER_GLOBAL_ACCENT_COLOR_NAME = AccentColor;
				CODE_SIGN_STYLE = Automatic;
				DEVELOPMENT_TEAM = C9CPUQRJEY;
				INFOPLIST_FILE = iOSQueuesPractice/Info.plist;
				LD_RUNPATH_SEARCH_PATHS = (
					"$(inherited)",
					"@executable_path/Frameworks",
				);
				PRODUCT_BUNDLE_IDENTIFIER = com.srdbolla.iOSQueuesPractice;
				PRODUCT_NAME = "$(TARGET_NAME)";
				SWIFT_VERSION = 5.0;
				TARGETED_DEVICE_FAMILY = "1,2";
			};
			name = Release;
		};
		54D6CB52296B09A50015D5CC /* Debug */ = {
			isa = XCBuildConfiguration;
			buildSettings = {
				ALWAYS_EMBED_SWIFT_STANDARD_LIBRARIES = YES;
				BUNDLE_LOADER = "$(TEST_HOST)";
				CODE_SIGN_STYLE = Automatic;
				DEVELOPMENT_TEAM = C9CPUQRJEY;
				INFOPLIST_FILE = iOSQueuesPracticeTests/Info.plist;
				IPHONEOS_DEPLOYMENT_TARGET = 14.5;
				LD_RUNPATH_SEARCH_PATHS = (
					"$(inherited)",
					"@executable_path/Frameworks",
					"@loader_path/Frameworks",
				);
				PRODUCT_BUNDLE_IDENTIFIER = com.srdbolla.iOSQueuesPracticeTests;
				PRODUCT_NAME = "$(TARGET_NAME)";
				SWIFT_VERSION = 5.0;
				TARGETED_DEVICE_FAMILY = "1,2";
				TEST_HOST = "$(BUILT_PRODUCTS_DIR)/iOSQueuesPractice.app/iOSQueuesPractice";
			};
			name = Debug;
		};
		54D6CB53296B09A50015D5CC /* Release */ = {
			isa = XCBuildConfiguration;
			buildSettings = {
				ALWAYS_EMBED_SWIFT_STANDARD_LIBRARIES = YES;
				BUNDLE_LOADER = "$(TEST_HOST)";
				CODE_SIGN_STYLE = Automatic;
				DEVELOPMENT_TEAM = C9CPUQRJEY;
				INFOPLIST_FILE = iOSQueuesPracticeTests/Info.plist;
				IPHONEOS_DEPLOYMENT_TARGET = 14.5;
				LD_RUNPATH_SEARCH_PATHS = (
					"$(inherited)",
					"@executable_path/Frameworks",
					"@loader_path/Frameworks",
				);
				PRODUCT_BUNDLE_IDENTIFIER = com.srdbolla.iOSQueuesPracticeTests;
				PRODUCT_NAME = "$(TARGET_NAME)";
				SWIFT_VERSION = 5.0;
				TARGETED_DEVICE_FAMILY = "1,2";
				TEST_HOST = "$(BUILT_PRODUCTS_DIR)/iOSQueuesPractice.app/iOSQueuesPractice";
			};
			name = Release;
		};
		54D6CB55296B09A50015D5CC /* Debug */ = {
			isa = XCBuildConfiguration;
			buildSettings = {
				ALWAYS_EMBED_SWIFT_STANDARD_LIBRARIES = YES;
				CODE_SIGN_STYLE = Automatic;
				DEVELOPMENT_TEAM = C9CPUQRJEY;
				INFOPLIST_FILE = iOSQueuesPracticeUITests/Info.plist;
				LD_RUNPATH_SEARCH_PATHS = (
					"$(inherited)",
					"@executable_path/Frameworks",
					"@loader_path/Frameworks",
				);
				PRODUCT_BUNDLE_IDENTIFIER = com.srdbolla.iOSQueuesPracticeUITests;
				PRODUCT_NAME = "$(TARGET_NAME)";
				SWIFT_VERSION = 5.0;
				TARGETED_DEVICE_FAMILY = "1,2";
				TEST_TARGET_NAME = iOSQueuesPractice;
			};
			name = Debug;
		};
		54D6CB56296B09A50015D5CC /* Release */ = {
			isa = XCBuildConfiguration;
			buildSettings = {
				ALWAYS_EMBED_SWIFT_STANDARD_LIBRARIES = YES;
				CODE_SIGN_STYLE = Automatic;
				DEVELOPMENT_TEAM = C9CPUQRJEY;
				INFOPLIST_FILE = iOSQueuesPracticeUITests/Info.plist;
				LD_RUNPATH_SEARCH_PATHS = (
					"$(inherited)",
					"@executable_path/Frameworks",
					"@loader_path/Frameworks",
				);
				PRODUCT_BUNDLE_IDENTIFIER = com.srdbolla.iOSQueuesPracticeUITests;
				PRODUCT_NAME = "$(TARGET_NAME)";
				SWIFT_VERSION = 5.0;
				TARGETED_DEVICE_FAMILY = "1,2";
				TEST_TARGET_NAME = iOSQueuesPractice;
			};
			name = Release;
		};
/* End XCBuildConfiguration section */

/* Begin XCConfigurationList section */
		54D6CB1C296B099F0015D5CC /* Build configuration list for PBXProject "iOSQueuesPractice" */ = {
			isa = XCConfigurationList;
			buildConfigurations = (
				54D6CB4C296B09A50015D5CC /* Debug */,
				54D6CB4D296B09A50015D5CC /* Release */,
			);
			defaultConfigurationIsVisible = 0;
			defaultConfigurationName = Release;
		};
		54D6CB4E296B09A50015D5CC /* Build configuration list for PBXNativeTarget "iOSQueuesPractice" */ = {
			isa = XCConfigurationList;
			buildConfigurations = (
				54D6CB4F296B09A50015D5CC /* Debug */,
				54D6CB50296B09A50015D5CC /* Release */,
			);
			defaultConfigurationIsVisible = 0;
			defaultConfigurationName = Release;
		};
		54D6CB51296B09A50015D5CC /* Build configuration list for PBXNativeTarget "iOSQueuesPracticeTests" */ = {
			isa = XCConfigurationList;
			buildConfigurations = (
				54D6CB52296B09A50015D5CC /* Debug */,
				54D6CB53296B09A50015D5CC /* Release */,
			);
			defaultConfigurationIsVisible = 0;
			defaultConfigurationName = Release;
		};
		54D6CB54296B09A50015D5CC /* Build configuration list for PBXNativeTarget "iOSQueuesPracticeUITests" */ = {
			isa = XCConfigurationList;
			buildConfigurations = (
				54D6CB55296B09A50015D5CC /* Debug */,
				54D6CB56296B09A50015D5CC /* Release */,
			);
			defaultConfigurationIsVisible = 0;
			defaultConfigurationName = Release;
		};
/* End XCConfigurationList section */

/* Begin XCVersionGroup section */
		54D6CB2D296B099F0015D5CC /* iOSQueuesPractice.xcdatamodeld */ = {
			isa = XCVersionGroup;
			children = (
				54D6CB2E296B099F0015D5CC /* iOSQueuesPractice.xcdatamodel */,
			);
			currentVersion = 54D6CB2E296B099F0015D5CC /* iOSQueuesPractice.xcdatamodel */;
			path = iOSQueuesPractice.xcdatamodeld;
			sourceTree = "<group>";
			versionGroupType = wrapper.xcdatamodel;
		};
/* End XCVersionGroup section */
	};
	rootObject = 54D6CB19296B099F0015D5CC /* Project object */;
}
